
Microsoft Visual Studio Solution File, Format Version 12.00
# Visual Studio Version 17
VisualStudioVersion = 17.4.33015.44
MinimumVisualStudioVersion = 10.0.40219.1
Project("{FAE04EC0-301F-11D3-BF4B-00C04F79EFBC}") = "DragImageDropDescription", "DragImageDropDescription\DragImageDropDescription.csproj", "{F6953801-24A0-41A2-8A54-7B62226E97C3}"
EndProject
Global
	GlobalSection(SolutionConfigurationPlatforms) = preSolution
		Debug|Any CPU = Debug|Any CPU
		Release|Any CPU = Release|Any CPU
	EndGlobalSection
	GlobalSection(ProjectConfigurationPlatforms) = postSolution
		{F6953801-24A0-41A2-8A54-7B62226E97C3}.Debug|Any CPU.ActiveCfg = Debug|Any CPU
		{F6953801-24A0-41A2-8A54-7B62226E97C3}.Debug|Any CPU.Build.0 = Debug|Any CPU
		{F6953801-24A0-41A2-8A54-7B62226E97C3}.Release|Any CPU.ActiveCfg = Release|Any CPU
		{F6953801-24A0-41A2-8A54-7B62226E97C3}.Release|Any CPU.Build.0 = Release|Any CPU
	EndGlobalSection
	GlobalSection(SolutionProperties) = preSolution
		HideSolutionNode = FALSE
	EndGlobalSection
	GlobalSection(ExtensibilityGlobals) = postSolution
		SolutionGuid = {E002BD53-E54A-4D14-B4C7-0DAC5B307E18}
	EndGlobalSection
EndGlobal
